
Microsoft Visual Studio Solution File, Format Version 12.00
# Visual Studio Version 16
VisualStudioVersion = 16.0.31410.357
MinimumVisualStudioVersion = 10.0.40219.1
Project("{FAE04EC0-301F-11D3-BF4B-00C04F79EFBC}") = "visualized-neural-network", "visualized-neural-network.csproj", "{E5D29DBE-5CD3-4EB2-B4A2-C65223AB14B7}"
EndProject
Global
	GlobalSection(SolutionConfigurationPlatforms) = preSolution
		Debug|Any CPU = Debug|Any CPU
		Release|Any CPU = Release|Any CPU
	EndGlobalSection
	GlobalSection(ProjectConfigurationPlatforms) = postSolution
		{E5D29DBE-5CD3-4EB2-B4A2-C65223AB14B7}.Debug|Any CPU.ActiveCfg = Debug|Any CPU
		{E5D29DBE-5CD3-4EB2-B4A2-C65223AB14B7}.Debug|Any CPU.Build.0 = Debug|Any CPU
		{E5D29DBE-5CD3-4EB2-B4A2-C65223AB14B7}.Release|Any CPU.ActiveCfg = Release|Any CPU
		{E5D29DBE-5CD3-4EB2-B4A2-C65223AB14B7}.Release|Any CPU.Build.0 = Release|Any CPU
	EndGlobalSection
	GlobalSection(SolutionProperties) = preSolution
		HideSolutionNode = FALSE
	EndGlobalSection
	GlobalSection(ExtensibilityGlobals) = postSolution
		SolutionGuid = {F511FA77-524C-42B8-BEE7-D9AD922BE479}
	EndGlobalSection
EndGlobal
